{
  "antigravity.svg": "79ba9dd594896ebae85f0ef356ba5d47055cbdbf2e46b9a89c9ec9ca66a503a4",
  "chatgpt.svg": "4b6843fcbaabfe68d6c1410ef729a4bbdf63efb24a3e839218683e9508544f80",
  "claude.svg": "3587b1c4125b20ae5d3e09848e02d68f0c5b528be6396f9a0c0ad55799ce4a03",
  "copilot.svg": "ea8b1912df497330086dfa61ae9f138e8fc3781d4a0468ea73c41bc97858bf4e",
  "css3.svg": "f8a0033ad854897a15998a44275f11100f91753c1ee12d1b7a2d815e9a4f4e6b",
  "cursor.svg": "a1ec4e7a8e2cb9285098ffb19b67eb6e55bb3f06cb75084920614a8492efce10",
  "deepseek.svg": "e1f13b5ffcbef5476a6668702c286e7a2b28c21a48c69ee0da9b660c6f2283cb",
  "figma.svg": "28e2ad3b1e7f9ff32a831032890b07548b8c73479a4ea9e71ecce7bbf43d838e",
  "gemini.svg": "f7df32f14ec045b85a3a141b711e59e99a803975a59332569e5d36e2f170f3f2",
  "git.svg": "fbbcf097db5092aeb6b78ae3f683e74ff1efb5a864d4b1a41e97669d2a677efc",
  "github.svg": "79b32947a16b9b3aa85cf3fec53896bc3c271705e4d257217a6aeb9775e5b610",
  "grok.svg": "f8d8f9ccb4408139589ff4c6ea3fbe14728d115aa0f6aa25fa899a77916c6ba6",
  "html5.svg": "0aa289cae1f8f3ebc4199c7553f1737e40b3cb198e3b38c0350d7e48b89e9d69",
  "huggingface.svg": "cc6ae53e1a0b3e5d0b98bc9b28291410d55e8869bce54ea1a6a578684bb41785",
  "javascript.svg": "912ec92f80164c4cbe90ad8e7e1a74d2843b35529f5d37805175cfdb7e4cbe15",
  "jupyter.svg": "e305609386d649ab0d52b9ad7ec0444391ea6b9a84d4fa7df7f73966ce676999",
  "laravel.svg": "3917dcb65b8214285ad159c9918549ce48e2ea5a176378e9b0bc23b174092b77",
  "llama.svg": "1c7a8ceab2b8d4e9124a98402f067ce293c6ae13d330cbca64858f96e499d63c",
  "mistral.svg": "399d81d2f82ba0f83658248d88e6538b812f8615ab421a2ebca432f805a5a6a6",
  "mysql.svg": "098d57d4eb896ecab7fece4855ad52ce99ca09fcfbaae969b76c836ecbc1c3ce",
  "ollama.svg": "439b1ceae7f9ea8d2a6cf4e5658e80ae4df9e6584282a559288ee80424a0d9f0",
  "perplexity.svg": "3046777174e92d80766324e9ec6b0266e74b33b2a2e858db4f54d04849646b95",
  "php.svg": "cb8db8a920367eb7a3717df37a944ae612a44b76e2eefea8a7aa67dafb4f4d22",
  "postgresql.svg": "426f4236a0be9d961a6cff4176cf20a2ec7741d400494cf8527a20c3a5ef5996",
  "python.svg": "f105bbdbd3485ba5fef5e96a4055273aeaa5b4f62bf9f0f9b60daae1860e6089",
  "qwen.svg": "65b9bf90c749b5ae7be09930c25a07504a51609146ec6ffb8514936d0bc88610",
  "react.svg": "4cb10e78263ebbc24ba5d58b292e0773d2a70cbcf1d2d3a37213bb1db4cf3c09",
  "typescript.svg": "88523c9ff4c1a4b49463aebe1f1bcfad53c528f8db6f2df830b14643ec27f4da",
  "vscode.svg": "39ec2fa89b255ae1cbdfbf8ce4e222d4f24fa934336187fa2898ea6fbbcb6735"
}
